
Microsoft Visual Studio Solution File, Format Version 12.00
# Visual Studio Version 17
VisualStudioVersion = 17.9.34616.47
MinimumVisualStudioVersion = 10.0.40219.1
Project("{8BC9CEB8-8B4A-11D0-8D11-00A0C91BC942}") = "lesta", "lesta\lesta.vcxproj", "{3E830FF3-33B7-46A5-B76B-37A830DD4551}"
EndProject
Global
	GlobalSection(SolutionConfigurationPlatforms) = preSolution
		Debug|x64 = Debug|x64
		Debug|x86 = Debug|x86
		Release|x64 = Release|x64
		Release|x86 = Release|x86
	EndGlobalSection
	GlobalSection(ProjectConfigurationPlatforms) = postSolution
		{3E830FF3-33B7-46A5-B76B-37A830DD4551}.Debug|x64.ActiveCfg = Debug|x64
		{3E830FF3-33B7-46A5-B76B-37A830DD4551}.Debug|x64.Build.0 = Debug|x64
		{3E830FF3-33B7-46A5-B76B-37A830DD4551}.Debug|x86.ActiveCfg = Debug|Win32
		{3E830FF3-33B7-46A5-B76B-37A830DD4551}.Debug|x86.Build.0 = Debug|Win32
		{3E830FF3-33B7-46A5-B76B-37A830DD4551}.Release|x64.ActiveCfg = Release|x64
		{3E830FF3-33B7-46A5-B76B-37A830DD4551}.Release|x64.Build.0 = Release|x64
		{3E830FF3-33B7-46A5-B76B-37A830DD4551}.Release|x86.ActiveCfg = Release|Win32
		{3E830FF3-33B7-46A5-B76B-37A830DD4551}.Release|x86.Build.0 = Release|Win32
	EndGlobalSection
	GlobalSection(SolutionProperties) = preSolution
		HideSolutionNode = FALSE
	EndGlobalSection
	GlobalSection(ExtensibilityGlobals) = postSolution
		SolutionGuid = {C54643E3-0203-43A2-A1FE-2C6812A45C04}
	EndGlobalSection
EndGlobal
